
Microsoft Visual Studio Solution File, Format Version 12.00
# Visual Studio 2015
Project("{FAE04EC0-301F-11D3-BF4B-00C04F79EFBC}") = "tile map", "tile map.csproj", "{14CACF79-4E06-B052-EF7A-3BE72C109383}"
EndProject
Project("{FAE04EC0-301F-11D3-BF4B-00C04F79EFBC}") = "tile map.Editor", "tile map.Editor.csproj", "{A7263E57-C284-B6CC-AD8E-7840B50DC012}"
EndProject
Global
	GlobalSection(SolutionConfigurationPlatforms) = preSolution
		Debug|Any CPU = Debug|Any CPU
		Release|Any CPU = Release|Any CPU
	EndGlobalSection
	GlobalSection(ProjectConfigurationPlatforms) = postSolution
		{14CACF79-4E06-B052-EF7A-3BE72C109383}.Debug|Any CPU.ActiveCfg = Debug|Any CPU
		{14CACF79-4E06-B052-EF7A-3BE72C109383}.Debug|Any CPU.Build.0 = Debug|Any CPU
		{14CACF79-4E06-B052-EF7A-3BE72C109383}.Release|Any CPU.ActiveCfg = Release|Any CPU
		{14CACF79-4E06-B052-EF7A-3BE72C109383}.Release|Any CPU.Build.0 = Release|Any CPU
		{A7263E57-C284-B6CC-AD8E-7840B50DC012}.Debug|Any CPU.ActiveCfg = Debug|Any CPU
		{A7263E57-C284-B6CC-AD8E-7840B50DC012}.Debug|Any CPU.Build.0 = Debug|Any CPU
		{A7263E57-C284-B6CC-AD8E-7840B50DC012}.Release|Any CPU.ActiveCfg = Release|Any CPU
		{A7263E57-C284-B6CC-AD8E-7840B50DC012}.Release|Any CPU.Build.0 = Release|Any CPU
	EndGlobalSection
	GlobalSection(SolutionProperties) = preSolution
		HideSolutionNode = FALSE
	EndGlobalSection
EndGlobal
